# This file is automatically @generated by Cargo.
# It is not intended for manual editing.
version = 4

[[package]]
name = "remaining-main"
version = "0.1.0"
dependencies = [
 "remaining-shared",
]

[[package]]
name = "remaining-secondary"
version = "0.2.0"

[[package]]
name = "remaining-shared"
version = "0.1.0"

[[package]]
name = "remaining-tool-a"
version = "0.3.0"

[[package]]
name = "remaining-tool-b"
version = "0.4.0"
