# This file is automatically @generated by Cargo.
# It is not intended for manual editing.
version = 4

[[package]]
name = "gitapp"
version = "0.1.0"
dependencies = [
 "gitcrate",
]

[[package]]
name = "gitcrate"
version = "0.1.0"
source = "git+file:///tmp/lockprobe/gitcrate#6dd40d59d69c31d7024d929266d3619684cda5a7"
