# This file is automatically @generated by Cargo.
# It is not intended for manual editing.
version = 4

[[package]]
name = "feature-helper"
version = "0.1.0"

[[package]]
name = "implicit-helper"
version = "0.1.0"

[[package]]
name = "shared"
version = "0.1.0"

[[package]]
name = "test-helper"
version = "0.1.0"

[[package]]
name = "workspace-app"
version = "0.1.0"
dependencies = [
 "feature-helper",
 "implicit-helper",
 "shared",
 "test-helper",
]

[[package]]
name = "workspace-bridge"
version = "0.1.0"
dependencies = [
 "shared",
]

[[package]]
name = "workspace-tool"
version = "0.1.0"
dependencies = [
 "workspace-bridge",
]
